
Microsoft Visual Studio Solution File, Format Version 12.00
# Visual Studio Version 16
VisualStudioVersion = 16.0.31105.61
MinimumVisualStudioVersion = 10.0.40219.1
Project("{FAE04EC0-301F-11D3-BF4B-00C04F79EFBC}") = "WpfApp4", "WpfApp4\WpfApp4.csproj", "{B6BEF3BE-AF5B-4D91-907E-4C9A6E223902}"
EndProject
Global
	GlobalSection(SolutionConfigurationPlatforms) = preSolution
		Debug|Any CPU = Debug|Any CPU
		Release|Any CPU = Release|Any CPU
	EndGlobalSection
	GlobalSection(ProjectConfigurationPlatforms) = postSolution
		{B6BEF3BE-AF5B-4D91-907E-4C9A6E223902}.Debug|Any CPU.ActiveCfg = Debug|Any CPU
		{B6BEF3BE-AF5B-4D91-907E-4C9A6E223902}.Debug|Any CPU.Build.0 = Debug|Any CPU
		{B6BEF3BE-AF5B-4D91-907E-4C9A6E223902}.Release|Any CPU.ActiveCfg = Release|Any CPU
		{B6BEF3BE-AF5B-4D91-907E-4C9A6E223902}.Release|Any CPU.Build.0 = Release|Any CPU
	EndGlobalSection
	GlobalSection(SolutionProperties) = preSolution
		HideSolutionNode = FALSE
	EndGlobalSection
	GlobalSection(ExtensibilityGlobals) = postSolution
		SolutionGuid = {687715AE-B4C3-437C-82AF-8D3E8AA7065F}
	EndGlobalSection
EndGlobal
